
Microsoft Visual Studio Solution File, Format Version 12.00
# Visual Studio Version 17
VisualStudioVersion = 17.9.34607.119
MinimumVisualStudioVersion = 10.0.40219.1
Project("{2150E333-8FDC-42A3-9474-1A3956D46DE8}") = "src", "src", "{F6A35111-CDCA-4297-AAE9-44422C7BD950}"
EndProject
Project("{2150E333-8FDC-42A3-9474-1A3956D46DE8}") = "Services", "Services", "{81349D8E-1C64-4BF0-A192-76AA7EEE3D2A}"
EndProject
Project("{2150E333-8FDC-42A3-9474-1A3956D46DE8}") = "Product", "Product", "{28991EA0-2D24-46E8-8D3D-029C266EC638}"
EndProject
Project("{9A19103F-16F7-4668-BE54-9A1E7A4F7556}") = "SparkNest.Services.ProductAPI", "src\Services\Product\SparkNest.Services.Product.API\SparkNest.Services.ProductAPI.csproj", "{4DDB31E4-9B43-4870-9030-DEB68FF5614D}"
EndProject
Project("{2150E333-8FDC-42A3-9474-1A3956D46DE8}") = "Solution Items", "Solution Items", "{D533D4D6-BF44-4A81-B281-5F57A16CD30E}"
	ProjectSection(SolutionItems) = preProject
		Notes.txt = Notes.txt
	EndProjectSection
EndProject
Project("{2150E333-8FDC-42A3-9474-1A3956D46DE8}") = "IdentityService", "IdentityService", "{8986A94C-E61F-4F39-97BC-E0A7B0242664}"
EndProject
Project("{9A19103F-16F7-4668-BE54-9A1E7A4F7556}") = "SparkNest.Services.IdentityServiceAPI", "src\Services\IdentityService\SparkNest.Services.IdentityServiceAPI\SparkNest.Services.IdentityServiceAPI.csproj", "{04663FD2-CA1E-47DD-A560-44102C7106DA}"
EndProject
Project("{2150E333-8FDC-42A3-9474-1A3956D46DE8}") = "Common", "Common", "{14EBD543-A77E-473C-B0FA-C3859ABFE733}"
EndProject
Project("{9A19103F-16F7-4668-BE54-9A1E7A4F7556}") = "SparkNest.Common.Base", "src\Common\SparkNest.Common.Base\SparkNest.Common.Base.csproj", "{7B64D7BA-12A4-4283-9354-0E33D235CCFB}"
EndProject
Project("{2150E333-8FDC-42A3-9474-1A3956D46DE8}") = "FileStock", "FileStock", "{3AFF03AB-B0F8-48CB-8735-B08606B53CEC}"
EndProject
Project("{9A19103F-16F7-4668-BE54-9A1E7A4F7556}") = "SparkNest.Services.FileStockAPI", "src\Services\FileStock\SparkNest.Services.FileStockAPI\SparkNest.Services.FileStockAPI.csproj", "{1B90966D-96E9-444B-8437-50D8F88C00B4}"
EndProject
Project("{2150E333-8FDC-42A3-9474-1A3956D46DE8}") = "Basket", "Basket", "{E65A90AC-50DB-495E-891D-9103951271CE}"
EndProject
Project("{9A19103F-16F7-4668-BE54-9A1E7A4F7556}") = "SparkNest.Services.BasketAPI", "src\Services\Basket\SparkNest.Services.BasketAPI\SparkNest.Services.BasketAPI.csproj", "{09B0C656-1A63-428B-AAC0-336490C793BD}"
EndProject
Project("{2150E333-8FDC-42A3-9474-1A3956D46DE8}") = "Gateways", "Gateways", "{9C42AD3F-4B03-4C26-89B9-5BA60EC8D525}"
EndProject
Project("{9A19103F-16F7-4668-BE54-9A1E7A4F7556}") = "SparkNest.Gateways.GatewayMVC", "src\Gateways\SparkNest.Gateways.GatewayMVC\SparkNest.Gateways.GatewayMVC.csproj", "{BA23B5D9-559A-4764-B04E-7674D23D794D}"
EndProject
Project("{2150E333-8FDC-42A3-9474-1A3956D46DE8}") = "UI", "UI", "{6F263FD6-4BD1-45AD-B8CC-67372B86EF1C}"
EndProject
Project("{2150E333-8FDC-42A3-9474-1A3956D46DE8}") = "MVC", "MVC", "{E8F03177-BA5F-40F7-B9A3-2EF8BCB9ED8C}"
EndProject
Project("{9A19103F-16F7-4668-BE54-9A1E7A4F7556}") = "SparkNest.UI.MVC", "src\UI\MVC\SparkNest.UI.MVC\SparkNest.UI.MVC.csproj", "{0E4C6333-8A27-4A3F-BE6B-D3F156446477}"
EndProject
Project("{2150E333-8FDC-42A3-9474-1A3956D46DE8}") = "Comments", "Comments", "{515B987F-803D-44E3-96A7-943045795012}"
EndProject
Project("{9A19103F-16F7-4668-BE54-9A1E7A4F7556}") = "SparkNest.Services.CommentAPI", "src\Services\Comments\SparkNest.Services.CommentAPI\SparkNest.Services.CommentAPI.csproj", "{1866D7AE-1C7D-4454-B3E4-2C7E2713C64F}"
EndProject
Project("{9A19103F-16F7-4668-BE54-9A1E7A4F7556}") = "SparkNest.Services.CommentAPI.Infrastructure", "src\Services\Comments\SparkNest.Services.CommentAPI.Infrastructure\SparkNest.Services.CommentAPI.Infrastructure.csproj", "{CB7FC232-DE50-42D2-BA93-87322360C797}"
EndProject
Project("{9A19103F-16F7-4668-BE54-9A1E7A4F7556}") = "SparkNest.Services.CommentAPI.Application", "src\Services\Comments\SparkNest.Services.CommentAPI.Application\SparkNest.Services.CommentAPI.Application.csproj", "{3FF91DFC-819C-4CF7-9ECD-32350D20BEAC}"
EndProject
Project("{9A19103F-16F7-4668-BE54-9A1E7A4F7556}") = "SparkNest.Services.CommentAPI.Domain", "src\Services\Comments\SparkNest.Services.CommentAPI.Domain\SparkNest.Services.CommentAPI.Domain.csproj", "{9C604536-20A8-4653-A5B9-DE26E729D6B4}"
EndProject
Project("{9A19103F-16F7-4668-BE54-9A1E7A4F7556}") = "SparkNest.UI.MVC.Domain", "src\UI\MVC\SparkNest.UI.MVC.Domain\SparkNest.UI.MVC.Domain.csproj", "{6D274669-9205-411C-869E-770AD8BCF46A}"
EndProject
Project("{9A19103F-16F7-4668-BE54-9A1E7A4F7556}") = "SparkNest.UI.MVC.Application", "src\UI\MVC\SparkNest.UI.MVC.Application\SparkNest.UI.MVC.Application.csproj", "{4185C6DB-6EC6-458F-94B0-731B8E61324C}"
EndProject
Project("{9A19103F-16F7-4668-BE54-9A1E7A4F7556}") = "SparkNest.UI.MVC.Infrastructure", "src\UI\MVC\SparkNest.UI.MVC.Infrastructure\SparkNest.UI.MVC.Infrastructure.csproj", "{7C1358F4-2B6E-40DC-95AB-0C977E2D7F14}"
EndProject
Project("{2150E333-8FDC-42A3-9474-1A3956D46DE8}") = "MailService", "MailService", "{928DE8D6-AB0B-4DFA-B8DF-8877ED25894E}"
EndProject
Project("{9A19103F-16F7-4668-BE54-9A1E7A4F7556}") = "SparkNest.Services.MailServiceAPI", "src\Services\MailService\SparkNest.Services.MailServiceAPI\SparkNest.Services.MailServiceAPI.csproj", "{DB46CDC6-30BD-428B-B6D4-1DE8143C1870}"
EndProject
Project("{2150E333-8FDC-42A3-9474-1A3956D46DE8}") = "MessagesAndEvents", "MessagesAndEvents", "{8AF25361-B569-49C7-86E4-69DDF165E26C}"
EndProject
Project("{9A19103F-16F7-4668-BE54-9A1E7A4F7556}") = "SparkNest.MessagesAndEvents.Base", "src\MessagesAndEvents\SparkNest.MessagesAndEvents.Base\SparkNest.MessagesAndEvents.Base.csproj", "{3EF91238-499E-4217-AC72-41927AED6699}"
EndProject
Project("{2150E333-8FDC-42A3-9474-1A3956D46DE8}") = "FakePayment", "FakePayment", "{0340AEB1-DA4C-4440-99D1-9597D2C8CB29}"
EndProject
Project("{9A19103F-16F7-4668-BE54-9A1E7A4F7556}") = "SparkNest.Services.FakePaymentAPI", "src\Services\FakePayment\SparkNest.Services.FakePaymentAPI\SparkNest.Services.FakePaymentAPI.csproj", "{57335D6D-1279-4920-BA16-BEBEC038276A}"
EndProject
Project("{9A19103F-16F7-4668-BE54-9A1E7A4F7556}") = "SparkNest.Services.ProductAPI.Application", "src\Services\Product\SparkNest.Services.ProductAPI.Application\SparkNest.Services.ProductAPI.Application.csproj", "{8436FBC3-C4AE-4C8E-AEA2-EA1BC309233A}"
EndProject
Project("{2150E333-8FDC-42A3-9474-1A3956D46DE8}") = "Blog", "Blog", "{D14B9C38-A8BA-4944-A702-3BC259E1C17C}"
EndProject
Project("{9A19103F-16F7-4668-BE54-9A1E7A4F7556}") = "SparkNest.Services.BlogAPI", "src\Services\Blog\SparkNest.Services.BlogAPI\SparkNest.Services.BlogAPI.csproj", "{1F316143-6A21-4580-B53E-865A6C23B2A3}"
EndProject
Project("{9A19103F-16F7-4668-BE54-9A1E7A4F7556}") = "SparkNest.Services.BlogAPI.Domain", "src\Services\Blog\SparkNest.Services.BlogAPI.Domain\SparkNest.Services.BlogAPI.Domain.csproj", "{5E043EC5-F821-49DB-9448-09D17E82C329}"
EndProject
Project("{9A19103F-16F7-4668-BE54-9A1E7A4F7556}") = "SparkNest.Services.BlogAPI.Application", "src\Services\Blog\SparkNest.Services.BlogAPI.Application\SparkNest.Services.BlogAPI.Application.csproj", "{293E579C-F6D6-4D21-BA23-E5314902A654}"
EndProject
Project("{9A19103F-16F7-4668-BE54-9A1E7A4F7556}") = "SparkNest.Services.BlogAPI.Infrastructure", "src\Services\Blog\SparkNest.Services.BlogAPI.Infrastructure\SparkNest.Services.BlogAPI.Infrastructure.csproj", "{F35558A9-B022-4476-B515-5C3B182BAAFC}"
EndProject
Project("{9A19103F-16F7-4668-BE54-9A1E7A4F7556}") = "SparkNest.Services.ProductAPI.Domain", "src\Services\Product\SparkNest.Services.ProductAPI.Domain\SparkNest.Services.ProductAPI.Domain.csproj", "{73F25726-CDF4-407C-BA00-D52037E4B558}"
EndProject
Project("{9A19103F-16F7-4668-BE54-9A1E7A4F7556}") = "SparkNest.Services.ProductAPI.Infrastructure", "src\Services\Product\SparkNest.Services.ProductAPI.Infrastructure\SparkNest.Services.ProductAPI.Infrastructure.csproj", "{5D29B243-DBCE-45C4-9B0C-29698E461228}"
EndProject
Project("{2150E333-8FDC-42A3-9474-1A3956D46DE8}") = "Order", "Order", "{185A308D-372E-4B2B-935D-7C679D637838}"
EndProject
Project("{9A19103F-16F7-4668-BE54-9A1E7A4F7556}") = "SparkNest.Services.OrderAPI", "src\Services\Order\SparkNest.Services.OrderAPI\SparkNest.Services.OrderAPI.csproj", "{26840569-0BB5-467E-9A38-DE5B2C9E3AC9}"
EndProject
Project("{9A19103F-16F7-4668-BE54-9A1E7A4F7556}") = "SparkNest.Services.OrderAPI.Application", "src\Services\Order\SparkNest.Services.OrderAPI.Application\SparkNest.Services.OrderAPI.Application.csproj", "{9D33330D-575B-424D-AD2B-7BB4901E894B}"
EndProject
Project("{9A19103F-16F7-4668-BE54-9A1E7A4F7556}") = "SparkNest.Services.OrderAPI.Domain", "src\Services\Order\SparkNest.Services.OrderAPI.Domain\SparkNest.Services.OrderAPI.Domain.csproj", "{B8CE9AB4-B47E-495D-ADB1-8EDF9EED4474}"
EndProject
Project("{9A19103F-16F7-4668-BE54-9A1E7A4F7556}") = "SparkNest.Services.OrderAPI.Infrastructure", "src\Services\Order\SparkNest.Services.OrderAPI.Infrastructure\SparkNest.Services.OrderAPI.Infrastructure.csproj", "{E66D9AE1-AEBE-4A60-A0A2-AF57E6DE06AB}"
EndProject
Global
	GlobalSection(SolutionConfigurationPlatforms) = preSolution
		Debug|Any CPU = Debug|Any CPU
		Release|Any CPU = Release|Any CPU
	EndGlobalSection
	GlobalSection(ProjectConfigurationPlatforms) = postSolution
		{4DDB31E4-9B43-4870-9030-DEB68FF5614D}.Debug|Any CPU.ActiveCfg = Debug|Any CPU
		{4DDB31E4-9B43-4870-9030-DEB68FF5614D}.Debug|Any CPU.Build.0 = Debug|Any CPU
		{4DDB31E4-9B43-4870-9030-DEB68FF5614D}.Release|Any CPU.ActiveCfg = Release|Any CPU
		{4DDB31E4-9B43-4870-9030-DEB68FF5614D}.Release|Any CPU.Build.0 = Release|Any CPU
		{04663FD2-CA1E-47DD-A560-44102C7106DA}.Debug|Any CPU.ActiveCfg = Debug|Any CPU
		{04663FD2-CA1E-47DD-A560-44102C7106DA}.Debug|Any CPU.Build.0 = Debug|Any CPU
		{04663FD2-CA1E-47DD-A560-44102C7106DA}.Release|Any CPU.ActiveCfg = Release|Any CPU
		{04663FD2-CA1E-47DD-A560-44102C7106DA}.Release|Any CPU.Build.0 = Release|Any CPU
		{7B64D7BA-12A4-4283-9354-0E33D235CCFB}.Debug|Any CPU.ActiveCfg = Debug|Any CPU
		{7B64D7BA-12A4-4283-9354-0E33D235CCFB}.Debug|Any CPU.Build.0 = Debug|Any CPU
		{7B64D7BA-12A4-4283-9354-0E33D235CCFB}.Release|Any CPU.ActiveCfg = Release|Any CPU
		{7B64D7BA-12A4-4283-9354-0E33D235CCFB}.Release|Any CPU.Build.0 = Release|Any CPU
		{1B90966D-96E9-444B-8437-50D8F88C00B4}.Debug|Any CPU.ActiveCfg = Debug|Any CPU
		{1B90966D-96E9-444B-8437-50D8F88C00B4}.Debug|Any CPU.Build.0 = Debug|Any CPU
		{1B90966D-96E9-444B-8437-50D8F88C00B4}.Release|Any CPU.ActiveCfg = Release|Any CPU
		{1B90966D-96E9-444B-8437-50D8F88C00B4}.Release|Any CPU.Build.0 = Release|Any CPU
		{09B0C656-1A63-428B-AAC0-336490C793BD}.Debug|Any CPU.ActiveCfg = Debug|Any CPU
		{09B0C656-1A63-428B-AAC0-336490C793BD}.Debug|Any CPU.Build.0 = Debug|Any CPU
		{09B0C656-1A63-428B-AAC0-336490C793BD}.Release|Any CPU.ActiveCfg = Release|Any CPU
		{09B0C656-1A63-428B-AAC0-336490C793BD}.Release|Any CPU.Build.0 = Release|Any CPU
		{BA23B5D9-559A-4764-B04E-7674D23D794D}.Debug|Any CPU.ActiveCfg = Debug|Any CPU
		{BA23B5D9-559A-4764-B04E-7674D23D794D}.Debug|Any CPU.Build.0 = Debug|Any CPU
		{BA23B5D9-559A-4764-B04E-7674D23D794D}.Release|Any CPU.ActiveCfg = Release|Any CPU
		{BA23B5D9-559A-4764-B04E-7674D23D794D}.Release|Any CPU.Build.0 = Release|Any CPU
		{0E4C6333-8A27-4A3F-BE6B-D3F156446477}.Debug|Any CPU.ActiveCfg = Debug|Any CPU
		{0E4C6333-8A27-4A3F-BE6B-D3F156446477}.Debug|Any CPU.Build.0 = Debug|Any CPU
		{0E4C6333-8A27-4A3F-BE6B-D3F156446477}.Release|Any CPU.ActiveCfg = Release|Any CPU
		{0E4C6333-8A27-4A3F-BE6B-D3F156446477}.Release|Any CPU.Build.0 = Release|Any CPU
		{1866D7AE-1C7D-4454-B3E4-2C7E2713C64F}.Debug|Any CPU.ActiveCfg = Debug|Any CPU
		{1866D7AE-1C7D-4454-B3E4-2C7E2713C64F}.Debug|Any CPU.Build.0 = Debug|Any CPU
		{1866D7AE-1C7D-4454-B3E4-2C7E2713C64F}.Release|Any CPU.ActiveCfg = Release|Any CPU
		{1866D7AE-1C7D-4454-B3E4-2C7E2713C64F}.Release|Any CPU.Build.0 = Release|Any CPU
		{CB7FC232-DE50-42D2-BA93-87322360C797}.Debug|Any CPU.ActiveCfg = Debug|Any CPU
		{CB7FC232-DE50-42D2-BA93-87322360C797}.Debug|Any CPU.Build.0 = Debug|Any CPU
		{CB7FC232-DE50-42D2-BA93-87322360C797}.Release|Any CPU.ActiveCfg = Release|Any CPU
		{CB7FC232-DE50-42D2-BA93-87322360C797}.Release|Any CPU.Build.0 = Release|Any CPU
		{3FF91DFC-819C-4CF7-9ECD-32350D20BEAC}.Debug|Any CPU.ActiveCfg = Debug|Any CPU
		{3FF91DFC-819C-4CF7-9ECD-32350D20BEAC}.Debug|Any CPU.Build.0 = Debug|Any CPU
		{3FF91DFC-819C-4CF7-9ECD-32350D20BEAC}.Release|Any CPU.ActiveCfg = Release|Any CPU
		{3FF91DFC-819C-4CF7-9ECD-32350D20BEAC}.Release|Any CPU.Build.0 = Release|Any CPU
		{9C604536-20A8-4653-A5B9-DE26E729D6B4}.Debug|Any CPU.ActiveCfg = Debug|Any CPU
		{9C604536-20A8-4653-A5B9-DE26E729D6B4}.Debug|Any CPU.Build.0 = Debug|Any CPU
		{9C604536-20A8-4653-A5B9-DE26E729D6B4}.Release|Any CPU.ActiveCfg = Release|Any CPU
		{9C604536-20A8-4653-A5B9-DE26E729D6B4}.Release|Any CPU.Build.0 = Release|Any CPU
		{6D274669-9205-411C-869E-770AD8BCF46A}.Debug|Any CPU.ActiveCfg = Debug|Any CPU
		{6D274669-9205-411C-869E-770AD8BCF46A}.Debug|Any CPU.Build.0 = Debug|Any CPU
		{6D274669-9205-411C-869E-770AD8BCF46A}.Release|Any CPU.ActiveCfg = Release|Any CPU
		{6D274669-9205-411C-869E-770AD8BCF46A}.Release|Any CPU.Build.0 = Release|Any CPU
		{4185C6DB-6EC6-458F-94B0-731B8E61324C}.Debug|Any CPU.ActiveCfg = Debug|Any CPU
		{4185C6DB-6EC6-458F-94B0-731B8E61324C}.Debug|Any CPU.Build.0 = Debug|Any CPU
		{4185C6DB-6EC6-458F-94B0-731B8E61324C}.Release|Any CPU.ActiveCfg = Release|Any CPU
		{4185C6DB-6EC6-458F-94B0-731B8E61324C}.Release|Any CPU.Build.0 = Release|Any CPU
		{7C1358F4-2B6E-40DC-95AB-0C977E2D7F14}.Debug|Any CPU.ActiveCfg = Debug|Any CPU
		{7C1358F4-2B6E-40DC-95AB-0C977E2D7F14}.Debug|Any CPU.Build.0 = Debug|Any CPU
		{7C1358F4-2B6E-40DC-95AB-0C977E2D7F14}.Release|Any CPU.ActiveCfg = Release|Any CPU
		{7C1358F4-2B6E-40DC-95AB-0C977E2D7F14}.Release|Any CPU.Build.0 = Release|Any CPU
		{DB46CDC6-30BD-428B-B6D4-1DE8143C1870}.Debug|Any CPU.ActiveCfg = Debug|Any CPU
		{DB46CDC6-30BD-428B-B6D4-1DE8143C1870}.Debug|Any CPU.Build.0 = Debug|Any CPU
		{DB46CDC6-30BD-428B-B6D4-1DE8143C1870}.Release|Any CPU.ActiveCfg = Release|Any CPU
		{DB46CDC6-30BD-428B-B6D4-1DE8143C1870}.Release|Any CPU.Build.0 = Release|Any CPU
		{3EF91238-499E-4217-AC72-41927AED6699}.Debug|Any CPU.ActiveCfg = Debug|Any CPU
		{3EF91238-499E-4217-AC72-41927AED6699}.Debug|Any CPU.Build.0 = Debug|Any CPU
		{3EF91238-499E-4217-AC72-41927AED6699}.Release|Any CPU.ActiveCfg = Release|Any CPU
		{3EF91238-499E-4217-AC72-41927AED6699}.Release|Any CPU.Build.0 = Release|Any CPU
		{57335D6D-1279-4920-BA16-BEBEC038276A}.Debug|Any CPU.ActiveCfg = Debug|Any CPU
		{57335D6D-1279-4920-BA16-BEBEC038276A}.Debug|Any CPU.Build.0 = Debug|Any CPU
		{57335D6D-1279-4920-BA16-BEBEC038276A}.Release|Any CPU.ActiveCfg = Release|Any CPU
		{57335D6D-1279-4920-BA16-BEBEC038276A}.Release|Any CPU.Build.0 = Release|Any CPU
		{8436FBC3-C4AE-4C8E-AEA2-EA1BC309233A}.Debug|Any CPU.ActiveCfg = Debug|Any CPU
		{8436FBC3-C4AE-4C8E-AEA2-EA1BC309233A}.Debug|Any CPU.Build.0 = Debug|Any CPU
		{8436FBC3-C4AE-4C8E-AEA2-EA1BC309233A}.Release|Any CPU.ActiveCfg = Release|Any CPU
		{8436FBC3-C4AE-4C8E-AEA2-EA1BC309233A}.Release|Any CPU.Build.0 = Release|Any CPU
		{1F316143-6A21-4580-B53E-865A6C23B2A3}.Debug|Any CPU.ActiveCfg = Debug|Any CPU
		{1F316143-6A21-4580-B53E-865A6C23B2A3}.Debug|Any CPU.Build.0 = Debug|Any CPU
		{1F316143-6A21-4580-B53E-865A6C23B2A3}.Release|Any CPU.ActiveCfg = Release|Any CPU
		{1F316143-6A21-4580-B53E-865A6C23B2A3}.Release|Any CPU.Build.0 = Release|Any CPU
		{5E043EC5-F821-49DB-9448-09D17E82C329}.Debug|Any CPU.ActiveCfg = Debug|Any CPU
		{5E043EC5-F821-49DB-9448-09D17E82C329}.Debug|Any CPU.Build.0 = Debug|Any CPU
		{5E043EC5-F821-49DB-9448-09D17E82C329}.Release|Any CPU.ActiveCfg = Release|Any CPU
		{5E043EC5-F821-49DB-9448-09D17E82C329}.Release|Any CPU.Build.0 = Release|Any CPU
		{293E579C-F6D6-4D21-BA23-E5314902A654}.Debug|Any CPU.ActiveCfg = Debug|Any CPU
		{293E579C-F6D6-4D21-BA23-E5314902A654}.Debug|Any CPU.Build.0 = Debug|Any CPU
		{293E579C-F6D6-4D21-BA23-E5314902A654}.Release|Any CPU.ActiveCfg = Release|Any CPU
		{293E579C-F6D6-4D21-BA23-E5314902A654}.Release|Any CPU.Build.0 = Release|Any CPU
		{F35558A9-B022-4476-B515-5C3B182BAAFC}.Debug|Any CPU.ActiveCfg = Debug|Any CPU
		{F35558A9-B022-4476-B515-5C3B182BAAFC}.Debug|Any CPU.Build.0 = Debug|Any CPU
		{F35558A9-B022-4476-B515-5C3B182BAAFC}.Release|Any CPU.ActiveCfg = Release|Any CPU
		{F35558A9-B022-4476-B515-5C3B182BAAFC}.Release|Any CPU.Build.0 = Release|Any CPU
		{73F25726-CDF4-407C-BA00-D52037E4B558}.Debug|Any CPU.ActiveCfg = Debug|Any CPU
		{73F25726-CDF4-407C-BA00-D52037E4B558}.Debug|Any CPU.Build.0 = Debug|Any CPU
		{73F25726-CDF4-407C-BA00-D52037E4B558}.Release|Any CPU.ActiveCfg = Release|Any CPU
		{73F25726-CDF4-407C-BA00-D52037E4B558}.Release|Any CPU.Build.0 = Release|Any CPU
		{5D29B243-DBCE-45C4-9B0C-29698E461228}.Debug|Any CPU.ActiveCfg = Debug|Any CPU
		{5D29B243-DBCE-45C4-9B0C-29698E461228}.Debug|Any CPU.Build.0 = Debug|Any CPU
		{5D29B243-DBCE-45C4-9B0C-29698E461228}.Release|Any CPU.ActiveCfg = Release|Any CPU
		{5D29B243-DBCE-45C4-9B0C-29698E461228}.Release|Any CPU.Build.0 = Release|Any CPU
		{26840569-0BB5-467E-9A38-DE5B2C9E3AC9}.Debug|Any CPU.ActiveCfg = Debug|Any CPU
		{26840569-0BB5-467E-9A38-DE5B2C9E3AC9}.Debug|Any CPU.Build.0 = Debug|Any CPU
		{26840569-0BB5-467E-9A38-DE5B2C9E3AC9}.Release|Any CPU.ActiveCfg = Release|Any CPU
		{26840569-0BB5-467E-9A38-DE5B2C9E3AC9}.Release|Any CPU.Build.0 = Release|Any CPU
		{9D33330D-575B-424D-AD2B-7BB4901E894B}.Debug|Any CPU.ActiveCfg = Debug|Any CPU
		{9D33330D-575B-424D-AD2B-7BB4901E894B}.Debug|Any CPU.Build.0 = Debug|Any CPU
		{9D33330D-575B-424D-AD2B-7BB4901E894B}.Release|Any CPU.ActiveCfg = Release|Any CPU
		{9D33330D-575B-424D-AD2B-7BB4901E894B}.Release|Any CPU.Build.0 = Release|Any CPU
		{B8CE9AB4-B47E-495D-ADB1-8EDF9EED4474}.Debug|Any CPU.ActiveCfg = Debug|Any CPU
		{B8CE9AB4-B47E-495D-ADB1-8EDF9EED4474}.Debug|Any CPU.Build.0 = Debug|Any CPU
		{B8CE9AB4-B47E-495D-ADB1-8EDF9EED4474}.Release|Any CPU.ActiveCfg = Release|Any CPU
		{B8CE9AB4-B47E-495D-ADB1-8EDF9EED4474}.Release|Any CPU.Build.0 = Release|Any CPU
		{E66D9AE1-AEBE-4A60-A0A2-AF57E6DE06AB}.Debug|Any CPU.ActiveCfg = Debug|Any CPU
		{E66D9AE1-AEBE-4A60-A0A2-AF57E6DE06AB}.Debug|Any CPU.Build.0 = Debug|Any CPU
		{E66D9AE1-AEBE-4A60-A0A2-AF57E6DE06AB}.Release|Any CPU.ActiveCfg = Release|Any CPU
		{E66D9AE1-AEBE-4A60-A0A2-AF57E6DE06AB}.Release|Any CPU.Build.0 = Release|Any CPU
	EndGlobalSection
	GlobalSection(SolutionProperties) = preSolution
		HideSolutionNode = FALSE
	EndGlobalSection
	GlobalSection(NestedProjects) = preSolution
		{81349D8E-1C64-4BF0-A192-76AA7EEE3D2A} = {F6A35111-CDCA-4297-AAE9-44422C7BD950}
		{28991EA0-2D24-46E8-8D3D-029C266EC638} = {81349D8E-1C64-4BF0-A192-76AA7EEE3D2A}
		{4DDB31E4-9B43-4870-9030-DEB68FF5614D} = {28991EA0-2D24-46E8-8D3D-029C266EC638}
		{8986A94C-E61F-4F39-97BC-E0A7B0242664} = {81349D8E-1C64-4BF0-A192-76AA7EEE3D2A}
		{04663FD2-CA1E-47DD-A560-44102C7106DA} = {8986A94C-E61F-4F39-97BC-E0A7B0242664}
		{14EBD543-A77E-473C-B0FA-C3859ABFE733} = {F6A35111-CDCA-4297-AAE9-44422C7BD950}
		{7B64D7BA-12A4-4283-9354-0E33D235CCFB} = {14EBD543-A77E-473C-B0FA-C3859ABFE733}
		{3AFF03AB-B0F8-48CB-8735-B08606B53CEC} = {81349D8E-1C64-4BF0-A192-76AA7EEE3D2A}
		{1B90966D-96E9-444B-8437-50D8F88C00B4} = {3AFF03AB-B0F8-48CB-8735-B08606B53CEC}
		{E65A90AC-50DB-495E-891D-9103951271CE} = {81349D8E-1C64-4BF0-A192-76AA7EEE3D2A}
		{09B0C656-1A63-428B-AAC0-336490C793BD} = {E65A90AC-50DB-495E-891D-9103951271CE}
		{9C42AD3F-4B03-4C26-89B9-5BA60EC8D525} = {F6A35111-CDCA-4297-AAE9-44422C7BD950}
		{BA23B5D9-559A-4764-B04E-7674D23D794D} = {9C42AD3F-4B03-4C26-89B9-5BA60EC8D525}
		{6F263FD6-4BD1-45AD-B8CC-67372B86EF1C} = {F6A35111-CDCA-4297-AAE9-44422C7BD950}
		{E8F03177-BA5F-40F7-B9A3-2EF8BCB9ED8C} = {6F263FD6-4BD1-45AD-B8CC-67372B86EF1C}
		{0E4C6333-8A27-4A3F-BE6B-D3F156446477} = {E8F03177-BA5F-40F7-B9A3-2EF8BCB9ED8C}
		{515B987F-803D-44E3-96A7-943045795012} = {81349D8E-1C64-4BF0-A192-76AA7EEE3D2A}
		{1866D7AE-1C7D-4454-B3E4-2C7E2713C64F} = {515B987F-803D-44E3-96A7-943045795012}
		{CB7FC232-DE50-42D2-BA93-87322360C797} = {515B987F-803D-44E3-96A7-943045795012}
		{3FF91DFC-819C-4CF7-9ECD-32350D20BEAC} = {515B987F-803D-44E3-96A7-943045795012}
		{9C604536-20A8-4653-A5B9-DE26E729D6B4} = {515B987F-803D-44E3-96A7-943045795012}
		{6D274669-9205-411C-869E-770AD8BCF46A} = {E8F03177-BA5F-40F7-B9A3-2EF8BCB9ED8C}
		{4185C6DB-6EC6-458F-94B0-731B8E61324C} = {E8F03177-BA5F-40F7-B9A3-2EF8BCB9ED8C}
		{7C1358F4-2B6E-40DC-95AB-0C977E2D7F14} = {E8F03177-BA5F-40F7-B9A3-2EF8BCB9ED8C}
		{928DE8D6-AB0B-4DFA-B8DF-8877ED25894E} = {81349D8E-1C64-4BF0-A192-76AA7EEE3D2A}
		{DB46CDC6-30BD-428B-B6D4-1DE8143C1870} = {928DE8D6-AB0B-4DFA-B8DF-8877ED25894E}
		{8AF25361-B569-49C7-86E4-69DDF165E26C} = {F6A35111-CDCA-4297-AAE9-44422C7BD950}
		{3EF91238-499E-4217-AC72-41927AED6699} = {8AF25361-B569-49C7-86E4-69DDF165E26C}
		{0340AEB1-DA4C-4440-99D1-9597D2C8CB29} = {81349D8E-1C64-4BF0-A192-76AA7EEE3D2A}
		{57335D6D-1279-4920-BA16-BEBEC038276A} = {0340AEB1-DA4C-4440-99D1-9597D2C8CB29}
		{8436FBC3-C4AE-4C8E-AEA2-EA1BC309233A} = {28991EA0-2D24-46E8-8D3D-029C266EC638}
		{D14B9C38-A8BA-4944-A702-3BC259E1C17C} = {81349D8E-1C64-4BF0-A192-76AA7EEE3D2A}
		{1F316143-6A21-4580-B53E-865A6C23B2A3} = {D14B9C38-A8BA-4944-A702-3BC259E1C17C}
		{5E043EC5-F821-49DB-9448-09D17E82C329} = {D14B9C38-A8BA-4944-A702-3BC259E1C17C}
		{293E579C-F6D6-4D21-BA23-E5314902A654} = {D14B9C38-A8BA-4944-A702-3BC259E1C17C}
		{F35558A9-B022-4476-B515-5C3B182BAAFC} = {D14B9C38-A8BA-4944-A702-3BC259E1C17C}
		{73F25726-CDF4-407C-BA00-D52037E4B558} = {28991EA0-2D24-46E8-8D3D-029C266EC638}
		{5D29B243-DBCE-45C4-9B0C-29698E461228} = {28991EA0-2D24-46E8-8D3D-029C266EC638}
		{185A308D-372E-4B2B-935D-7C679D637838} = {81349D8E-1C64-4BF0-A192-76AA7EEE3D2A}
		{26840569-0BB5-467E-9A38-DE5B2C9E3AC9} = {185A308D-372E-4B2B-935D-7C679D637838}
		{9D33330D-575B-424D-AD2B-7BB4901E894B} = {185A308D-372E-4B2B-935D-7C679D637838}
		{B8CE9AB4-B47E-495D-ADB1-8EDF9EED4474} = {185A308D-372E-4B2B-935D-7C679D637838}
		{E66D9AE1-AEBE-4A60-A0A2-AF57E6DE06AB} = {185A308D-372E-4B2B-935D-7C679D637838}
	EndGlobalSection
	GlobalSection(ExtensibilityGlobals) = postSolution
		SolutionGuid = {38840450-182B-4FB2-A535-57FC89B94029}
	EndGlobalSection
EndGlobal
